Microsoft Visual Studio Solution File, Format Version 11.00
# Visual Studio 2008

Project("{F39FB02A-662A-394C-1ECD-C201CE9460F0}") = "ICG_Final", "Assembly-CSharp.csproj", "{7F8569E3-FFFD-34F0-66C5-74A9A6258806}"
EndProject
Project("{F39FB02A-662A-394C-1ECD-C201CE9460F0}") = "ICG_Final", "Assembly-CSharp-Editor.csproj", "{303FAA5E-8997-AFF2-DE32-716DCA97DBA2}"
EndProject
Global
	GlobalSection(SolutionConfigurationPlatforms) = preSolution
		Debug|Any CPU = Debug|Any CPU
		Release|Any CPU = Release|Any CPU
	EndGlobalSection
	GlobalSection(ProjectConfigurationPlatforms) = postSolution
		{7F8569E3-FFFD-34F0-66C5-74A9A6258806}.Debug|Any CPU.ActiveCfg = Debug|Any CPU
		{7F8569E3-FFFD-34F0-66C5-74A9A6258806}.Debug|Any CPU.Build.0 = Debug|Any CPU
		{7F8569E3-FFFD-34F0-66C5-74A9A6258806}.Release|Any CPU.ActiveCfg = Release|Any CPU
		{7F8569E3-FFFD-34F0-66C5-74A9A6258806}.Release|Any CPU.Build.0 = Release|Any CPU
		{303FAA5E-8997-AFF2-DE32-716DCA97DBA2}.Debug|Any CPU.ActiveCfg = Debug|Any CPU
		{303FAA5E-8997-AFF2-DE32-716DCA97DBA2}.Debug|Any CPU.Build.0 = Debug|Any CPU
		{303FAA5E-8997-AFF2-DE32-716DCA97DBA2}.Release|Any CPU.ActiveCfg = Release|Any CPU
		{303FAA5E-8997-AFF2-DE32-716DCA97DBA2}.Release|Any CPU.Build.0 = Release|Any CPU
	EndGlobalSection
	GlobalSection(SolutionProperties) = preSolution
		HideSolutionNode = FALSE
	EndGlobalSection
	GlobalSection(MonoDevelopProperties) = preSolution
		StartupItem = Assembly-CSharp.csproj
	EndGlobalSection
EndGlobal
